
Microsoft Visual Studio Solution File, Format Version 12.00
# Visual Studio 14
VisualStudioVersion = 14.0.25420.1
MinimumVisualStudioVersion = 10.0.40219.1
Project("{FAE04EC0-301F-11D3-BF4B-00C04F79EFBC}") = "DatabaseAccess", "DatabaseAccess\DatabaseAccess.csproj", "{884B5806-9FE8-4D9C-80B5-E5EC4692F6F9}"
EndProject
Project("{FAE04EC0-301F-11D3-BF4B-00C04F79EFBC}") = "BussinessLogic", "BussinessLogic\BussinessLogic.csproj", "{71F01686-B9B3-4D8F-BA72-6EEB1960C891}"
EndProject
Project("{FAE04EC0-301F-11D3-BF4B-00C04F79EFBC}") = "Service", "Service\Service.csproj", "{E7FF4113-68DA-49C2-AE61-CD711D454E5A}"
EndProject
Project("{FAE04EC0-301F-11D3-BF4B-00C04F79EFBC}") = "LibraryMaragementClient", "LibraryMaragementClient\LibraryMaragementClient.csproj", "{0BB5D6A1-E3DD-4269-96E4-5DC25CCD53E5}"
EndProject
Project("{FAE04EC0-301F-11D3-BF4B-00C04F79EFBC}") = "Database", "Database\Database.csproj", "{BE35939E-60FF-4789-B91C-23B85AD9FC2D}"
EndProject
Global
	GlobalSection(SolutionConfigurationPlatforms) = preSolution
		Debug|Any CPU = Debug|Any CPU
		Release|Any CPU = Release|Any CPU
	EndGlobalSection
	GlobalSection(ProjectConfigurationPlatforms) = postSolution
		{884B5806-9FE8-4D9C-80B5-E5EC4692F6F9}.Debug|Any CPU.ActiveCfg = Debug|Any CPU
		{884B5806-9FE8-4D9C-80B5-E5EC4692F6F9}.Debug|Any CPU.Build.0 = Debug|Any CPU
		{884B5806-9FE8-4D9C-80B5-E5EC4692F6F9}.Release|Any CPU.ActiveCfg = Release|Any CPU
		{884B5806-9FE8-4D9C-80B5-E5EC4692F6F9}.Release|Any CPU.Build.0 = Release|Any CPU
		{71F01686-B9B3-4D8F-BA72-6EEB1960C891}.Debug|Any CPU.ActiveCfg = Debug|Any CPU
		{71F01686-B9B3-4D8F-BA72-6EEB1960C891}.Debug|Any CPU.Build.0 = Debug|Any CPU
		{71F01686-B9B3-4D8F-BA72-6EEB1960C891}.Release|Any CPU.ActiveCfg = Release|Any CPU
		{71F01686-B9B3-4D8F-BA72-6EEB1960C891}.Release|Any CPU.Build.0 = Release|Any CPU
		{E7FF4113-68DA-49C2-AE61-CD711D454E5A}.Debug|Any CPU.ActiveCfg = Debug|Any CPU
		{E7FF4113-68DA-49C2-AE61-CD711D454E5A}.Debug|Any CPU.Build.0 = Debug|Any CPU
		{E7FF4113-68DA-49C2-AE61-CD711D454E5A}.Release|Any CPU.ActiveCfg = Release|Any CPU
		{E7FF4113-68DA-49C2-AE61-CD711D454E5A}.Release|Any CPU.Build.0 = Release|Any CPU
		{0BB5D6A1-E3DD-4269-96E4-5DC25CCD53E5}.Debug|Any CPU.ActiveCfg = Debug|Any CPU
		{0BB5D6A1-E3DD-4269-96E4-5DC25CCD53E5}.Debug|Any CPU.Build.0 = Debug|Any CPU
		{0BB5D6A1-E3DD-4269-96E4-5DC25CCD53E5}.Release|Any CPU.ActiveCfg = Release|Any CPU
		{0BB5D6A1-E3DD-4269-96E4-5DC25CCD53E5}.Release|Any CPU.Build.0 = Release|Any CPU
		{BE35939E-60FF-4789-B91C-23B85AD9FC2D}.Debug|Any CPU.ActiveCfg = Debug|Any CPU
		{BE35939E-60FF-4789-B91C-23B85AD9FC2D}.Debug|Any CPU.Build.0 = Debug|Any CPU
		{BE35939E-60FF-4789-B91C-23B85AD9FC2D}.Release|Any CPU.ActiveCfg = Release|Any CPU
		{BE35939E-60FF-4789-B91C-23B85AD9FC2D}.Release|Any CPU.Build.0 = Release|Any CPU
	EndGlobalSection
	GlobalSection(SolutionProperties) = preSolution
		HideSolutionNode = FALSE
	EndGlobalSection
EndGlobal
